
Microsoft Visual Studio Solution File, Format Version 12.00
# Visual Studio Version 16
VisualStudioVersion = 16.0.31624.102
MinimumVisualStudioVersion = 10.0.40219.1
Project("{FAE04EC0-301F-11D3-BF4B-00C04F79EFBC}") = "Database2", "Database2.csproj", "{99E5A301-4273-47EF-818B-9AB609A0A8CD}"
EndProject
Global
	GlobalSection(SolutionConfigurationPlatforms) = preSolution
		Debug|Any CPU = Debug|Any CPU
		Release|Any CPU = Release|Any CPU
	EndGlobalSection
	GlobalSection(ProjectConfigurationPlatforms) = postSolution
		{99E5A301-4273-47EF-818B-9AB609A0A8CD}.Debug|Any CPU.ActiveCfg = Debug|Any CPU
		{99E5A301-4273-47EF-818B-9AB609A0A8CD}.Debug|Any CPU.Build.0 = Debug|Any CPU
		{99E5A301-4273-47EF-818B-9AB609A0A8CD}.Release|Any CPU.ActiveCfg = Release|Any CPU
		{99E5A301-4273-47EF-818B-9AB609A0A8CD}.Release|Any CPU.Build.0 = Release|Any CPU
	EndGlobalSection
	GlobalSection(SolutionProperties) = preSolution
		HideSolutionNode = FALSE
	EndGlobalSection
	GlobalSection(ExtensibilityGlobals) = postSolution
		SolutionGuid = {1804C590-1966-45C4-9065-85DA0CBBCA66}
	EndGlobalSection
EndGlobal
