
Microsoft Visual Studio Solution File, Format Version 12.00
# Visual Studio Version 17
VisualStudioVersion = 17.0.31919.166
MinimumVisualStudioVersion = 10.0.40219.1
Project("{9A19103F-16F7-4668-BE54-9A1E7A4F7556}") = "Ukol_init_3", "Ukol_init_3\Ukol_init_3.csproj", "{4F253638-B1FD-40BA-93C0-DDF6C4ECE41D}"
EndProject
Global
	GlobalSection(SolutionConfigurationPlatforms) = preSolution
		Debug|Any CPU = Debug|Any CPU
		Release|Any CPU = Release|Any CPU
	EndGlobalSection
	GlobalSection(ProjectConfigurationPlatforms) = postSolution
		{4F253638-B1FD-40BA-93C0-DDF6C4ECE41D}.Debug|Any CPU.ActiveCfg = Debug|Any CPU
		{4F253638-B1FD-40BA-93C0-DDF6C4ECE41D}.Debug|Any CPU.Build.0 = Debug|Any CPU
		{4F253638-B1FD-40BA-93C0-DDF6C4ECE41D}.Release|Any CPU.ActiveCfg = Release|Any CPU
		{4F253638-B1FD-40BA-93C0-DDF6C4ECE41D}.Release|Any CPU.Build.0 = Release|Any CPU
	EndGlobalSection
	GlobalSection(SolutionProperties) = preSolution
		HideSolutionNode = FALSE
	EndGlobalSection
	GlobalSection(ExtensibilityGlobals) = postSolution
		SolutionGuid = {EA686CD3-344B-46AF-AD75-0BF004E11D73}
	EndGlobalSection
EndGlobal
