
Microsoft Visual Studio Solution File, Format Version 12.00
# Visual Studio Version 17
VisualStudioVersion = 17.1.32228.430
MinimumVisualStudioVersion = 10.0.40219.1
Project("{FAE04EC0-301F-11D3-BF4B-00C04F79EFBC}") = "WpfRPS", "WpfRPS\WpfRPS.csproj", "{F75918E0-D65D-41D3-8616-5C0BCE20E2D3}"
EndProject
Global
	GlobalSection(SolutionConfigurationPlatforms) = preSolution
		Debug|Any CPU = Debug|Any CPU
		Release|Any CPU = Release|Any CPU
	EndGlobalSection
	GlobalSection(ProjectConfigurationPlatforms) = postSolution
		{F75918E0-D65D-41D3-8616-5C0BCE20E2D3}.Debug|Any CPU.ActiveCfg = Debug|Any CPU
		{F75918E0-D65D-41D3-8616-5C0BCE20E2D3}.Debug|Any CPU.Build.0 = Debug|Any CPU
		{F75918E0-D65D-41D3-8616-5C0BCE20E2D3}.Release|Any CPU.ActiveCfg = Release|Any CPU
		{F75918E0-D65D-41D3-8616-5C0BCE20E2D3}.Release|Any CPU.Build.0 = Release|Any CPU
	EndGlobalSection
	GlobalSection(SolutionProperties) = preSolution
		HideSolutionNode = FALSE
	EndGlobalSection
	GlobalSection(ExtensibilityGlobals) = postSolution
		SolutionGuid = {8F96DEED-B552-4D96-9C61-A93D05020618}
	EndGlobalSection
EndGlobal
