
Microsoft Visual Studio Solution File, Format Version 12.00
# Visual Studio Version 16
VisualStudioVersion = 16.0.30804.86
MinimumVisualStudioVersion = 10.0.40219.1
Project("{FAE04EC0-301F-11D3-BF4B-00C04F79EFBC}") = "cviceni2021114", "cviceni2021114.csproj", "{29A3A33C-3A6F-4F89-AC50-2EFA1F5BFE26}"
EndProject
Global
	GlobalSection(SolutionConfigurationPlatforms) = preSolution
		Debug|Any CPU = Debug|Any CPU
		Release|Any CPU = Release|Any CPU
	EndGlobalSection
	GlobalSection(ProjectConfigurationPlatforms) = postSolution
		{29A3A33C-3A6F-4F89-AC50-2EFA1F5BFE26}.Debug|Any CPU.ActiveCfg = Debug|Any CPU
		{29A3A33C-3A6F-4F89-AC50-2EFA1F5BFE26}.Debug|Any CPU.Build.0 = Debug|Any CPU
		{29A3A33C-3A6F-4F89-AC50-2EFA1F5BFE26}.Release|Any CPU.ActiveCfg = Release|Any CPU
		{29A3A33C-3A6F-4F89-AC50-2EFA1F5BFE26}.Release|Any CPU.Build.0 = Release|Any CPU
	EndGlobalSection
	GlobalSection(SolutionProperties) = preSolution
		HideSolutionNode = FALSE
	EndGlobalSection
	GlobalSection(ExtensibilityGlobals) = postSolution
		SolutionGuid = {BB23DCF3-97D7-4CA2-AE93-E5E99F83AF80}
	EndGlobalSection
EndGlobal
